
Microsoft Visual Studio Solution File, Format Version 12.00
Project("{FAE04EC0-301F-11D3-BF4B-00C04F79EFBC}") = "AutoCloseTimer", "AutoCloseTimer.csproj", "{DB0A745A-5BE1-49DF-B609-403D7242FADA}"
EndProject
Global
	GlobalSection(SolutionConfigurationPlatforms) = preSolution
		Debug|Any CPU = Debug|Any CPU
		Release|Any CPU = Release|Any CPU
	EndGlobalSection
	GlobalSection(ProjectConfigurationPlatforms) = postSolution
		{DB0A745A-5BE1-49DF-B609-403D7242FADA}.Debug|Any CPU.ActiveCfg = Debug|Any CPU
		{DB0A745A-5BE1-49DF-B609-403D7242FADA}.Debug|Any CPU.Build.0 = Debug|Any CPU
		{DB0A745A-5BE1-49DF-B609-403D7242FADA}.Release|Any CPU.ActiveCfg = Release|Any CPU
		{DB0A745A-5BE1-49DF-B609-403D7242FADA}.Release|Any CPU.Build.0 = Release|Any CPU
	EndGlobalSection
EndGlobal
